
Microsoft Visual Studio Solution File, Format Version 12.00
# Visual Studio 15
VisualStudioVersion = 15.0.27703.1
MinimumVisualStudioVersion = 10.0.40219.1
Project("{FAE04EC0-301F-11D3-BF4B-00C04F79EFBC}") = "StudentTests", "StudentTests\StudentTests.csproj", "{A1630E94-C372-4E6F-A46E-451E38744184}"
EndProject
Project("{FAE04EC0-301F-11D3-BF4B-00C04F79EFBC}") = "People", "People\People.csproj", "{2FB1C7CC-9D51-485D-840C-A3DD86B5D562}"
EndProject
Global
	GlobalSection(SolutionConfigurationPlatforms) = preSolution
		Debug|Any CPU = Debug|Any CPU
		Release|Any CPU = Release|Any CPU
	EndGlobalSection
	GlobalSection(ProjectConfigurationPlatforms) = postSolution
		{A1630E94-C372-4E6F-A46E-451E38744184}.Debug|Any CPU.ActiveCfg = Debug|Any CPU
		{A1630E94-C372-4E6F-A46E-451E38744184}.Debug|Any CPU.Build.0 = Debug|Any CPU
		{A1630E94-C372-4E6F-A46E-451E38744184}.Release|Any CPU.ActiveCfg = Release|Any CPU
		{A1630E94-C372-4E6F-A46E-451E38744184}.Release|Any CPU.Build.0 = Release|Any CPU
		{2FB1C7CC-9D51-485D-840C-A3DD86B5D562}.Debug|Any CPU.ActiveCfg = Debug|Any CPU
		{2FB1C7CC-9D51-485D-840C-A3DD86B5D562}.Debug|Any CPU.Build.0 = Debug|Any CPU
		{2FB1C7CC-9D51-485D-840C-A3DD86B5D562}.Release|Any CPU.ActiveCfg = Release|Any CPU
		{2FB1C7CC-9D51-485D-840C-A3DD86B5D562}.Release|Any CPU.Build.0 = Release|Any CPU
	EndGlobalSection
	GlobalSection(SolutionProperties) = preSolution
		HideSolutionNode = FALSE
	EndGlobalSection
	GlobalSection(ExtensibilityGlobals) = postSolution
		SolutionGuid = {0E7D6B0E-4B7C-4E80-9C8B-29FDEDEE4592}
	EndGlobalSection
EndGlobal
